
Microsoft Visual Studio Solution File, Format Version 12.00
# Visual Studio Version 16
VisualStudioVersion = 16.0.29721.120
MinimumVisualStudioVersion = 10.0.40219.1
Project("{9A19103F-16F7-4668-BE54-9A1E7A4F7556}") = "QccHub", "QccHub\QccHub.csproj", "{8924FD59-1CB0-4CAD-A713-7616B2173E4E}"
EndProject
Project("{9A19103F-16F7-4668-BE54-9A1E7A4F7556}") = "QccHub.Data", "QccHub.Data\QccHub.Data.csproj", "{618FB0F5-5D0A-44F5-ADF4-63DAA75D2037}"
EndProject
Project("{9A19103F-16F7-4668-BE54-9A1E7A4F7556}") = "QccHub.Logic", "QccHub.Logic\QccHub.Logic.csproj", "{734B8DFD-3A88-42FC-8A83-C200789F84EB}"
EndProject
Global
	GlobalSection(SolutionConfigurationPlatforms) = preSolution
		Debug|Any CPU = Debug|Any CPU
		Release|Any CPU = Release|Any CPU
	EndGlobalSection
	GlobalSection(ProjectConfigurationPlatforms) = postSolution
		{8924FD59-1CB0-4CAD-A713-7616B2173E4E}.Debug|Any CPU.ActiveCfg = Debug|Any CPU
		{8924FD59-1CB0-4CAD-A713-7616B2173E4E}.Debug|Any CPU.Build.0 = Debug|Any CPU
		{8924FD59-1CB0-4CAD-A713-7616B2173E4E}.Release|Any CPU.ActiveCfg = Release|Any CPU
		{8924FD59-1CB0-4CAD-A713-7616B2173E4E}.Release|Any CPU.Build.0 = Release|Any CPU
		{618FB0F5-5D0A-44F5-ADF4-63DAA75D2037}.Debug|Any CPU.ActiveCfg = Debug|Any CPU
		{618FB0F5-5D0A-44F5-ADF4-63DAA75D2037}.Debug|Any CPU.Build.0 = Debug|Any CPU
		{618FB0F5-5D0A-44F5-ADF4-63DAA75D2037}.Release|Any CPU.ActiveCfg = Release|Any CPU
		{618FB0F5-5D0A-44F5-ADF4-63DAA75D2037}.Release|Any CPU.Build.0 = Release|Any CPU
		{734B8DFD-3A88-42FC-8A83-C200789F84EB}.Debug|Any CPU.ActiveCfg = Debug|Any CPU
		{734B8DFD-3A88-42FC-8A83-C200789F84EB}.Debug|Any CPU.Build.0 = Debug|Any CPU
		{734B8DFD-3A88-42FC-8A83-C200789F84EB}.Release|Any CPU.ActiveCfg = Release|Any CPU
		{734B8DFD-3A88-42FC-8A83-C200789F84EB}.Release|Any CPU.Build.0 = Release|Any CPU
	EndGlobalSection
	GlobalSection(SolutionProperties) = preSolution
		HideSolutionNode = FALSE
	EndGlobalSection
	GlobalSection(ExtensibilityGlobals) = postSolution
		SolutionGuid = {93F8BD44-B904-4AD8-8BA9-D681AF39E1FB}
	EndGlobalSection
EndGlobal
